
Microsoft Visual Studio Solution File, Format Version 12.00
# Visual Studio Version 17
VisualStudioVersion = 17.11.35327.3
MinimumVisualStudioVersion = 10.0.40219.1
Project("{FAE04EC0-301F-11D3-BF4B-00C04F79EFBC}") = "OOAPdekor", "OOAPdekor\OOAPdekor.csproj", "{E923B97B-09E1-466E-B405-61B1B77D6060}"
EndProject
Global
	GlobalSection(SolutionConfigurationPlatforms) = preSolution
		Debug|Any CPU = Debug|Any CPU
		Release|Any CPU = Release|Any CPU
	EndGlobalSection
	GlobalSection(ProjectConfigurationPlatforms) = postSolution
		{E923B97B-09E1-466E-B405-61B1B77D6060}.Debug|Any CPU.ActiveCfg = Debug|Any CPU
		{E923B97B-09E1-466E-B405-61B1B77D6060}.Debug|Any CPU.Build.0 = Debug|Any CPU
		{E923B97B-09E1-466E-B405-61B1B77D6060}.Release|Any CPU.ActiveCfg = Release|Any CPU
		{E923B97B-09E1-466E-B405-61B1B77D6060}.Release|Any CPU.Build.0 = Release|Any CPU
	EndGlobalSection
	GlobalSection(SolutionProperties) = preSolution
		HideSolutionNode = FALSE
	EndGlobalSection
	GlobalSection(ExtensibilityGlobals) = postSolution
		SolutionGuid = {054D19E5-3063-44F1-A80D-F6E68F23FE28}
	EndGlobalSection
EndGlobal
